
Microsoft Visual Studio Solution File, Format Version 12.00
# Visual Studio Version 17
VisualStudioVersion = 17.8.34309.116
MinimumVisualStudioVersion = 10.0.40219.1
Project("{FAE04EC0-301F-11D3-BF4B-00C04F79EFBC}") = "WebApi", "WebApi\WebApi.csproj", "{DDD5ED36-AC60-4ED5-BB9E-F483BF08BCDA}"
EndProject
Project("{FAE04EC0-301F-11D3-BF4B-00C04F79EFBC}") = "Infrastructure", "Infrastructure\Infrastructure.csproj", "{783CD925-D693-4184-9CBE-5F246CB347EF}"
EndProject
Global
	GlobalSection(SolutionConfigurationPlatforms) = preSolution
		Debug|Any CPU = Debug|Any CPU
		Release|Any CPU = Release|Any CPU
	EndGlobalSection
	GlobalSection(ProjectConfigurationPlatforms) = postSolution
		{DDD5ED36-AC60-4ED5-BB9E-F483BF08BCDA}.Debug|Any CPU.ActiveCfg = Debug|Any CPU
		{DDD5ED36-AC60-4ED5-BB9E-F483BF08BCDA}.Debug|Any CPU.Build.0 = Debug|Any CPU
		{DDD5ED36-AC60-4ED5-BB9E-F483BF08BCDA}.Release|Any CPU.ActiveCfg = Release|Any CPU
		{DDD5ED36-AC60-4ED5-BB9E-F483BF08BCDA}.Release|Any CPU.Build.0 = Release|Any CPU
		{783CD925-D693-4184-9CBE-5F246CB347EF}.Debug|Any CPU.ActiveCfg = Debug|Any CPU
		{783CD925-D693-4184-9CBE-5F246CB347EF}.Debug|Any CPU.Build.0 = Debug|Any CPU
		{783CD925-D693-4184-9CBE-5F246CB347EF}.Release|Any CPU.ActiveCfg = Release|Any CPU
		{783CD925-D693-4184-9CBE-5F246CB347EF}.Release|Any CPU.Build.0 = Release|Any CPU
	EndGlobalSection
	GlobalSection(SolutionProperties) = preSolution
		HideSolutionNode = FALSE
	EndGlobalSection
	GlobalSection(ExtensibilityGlobals) = postSolution
		SolutionGuid = {AE6A3094-6F6C-4AE8-858B-4FA0CDFC825D}
	EndGlobalSection
EndGlobal
